// !$*UTF8*$!
{
	archiveVersion = 1;
	classes = {
	};
	objectVersion = 48;
	objects = {

/* Begin PBXBuildFile section */
		3414879E205192D700D04E13 /* FocalNode.swift in Sources */ = {isa = PBXBuildFile; fileRef = 3414879D205192D700D04E13 /* FocalNode.swift */; };
		34392AE620595E8B001CBFEE /* PhotoLibraryCollectionViewController.swift in Sources */ = {isa = PBXBuildFile; fileRef = 34392AE520595E8B001CBFEE /* PhotoLibraryCollectionViewController.swift */; };
		346B4E6E204F19760074A6EB /* AppDelegate.swift in Sources */ = {isa = PBXBuildFile; fileRef = 346B4E6D204F19760074A6EB /* AppDelegate.swift */; };
		346B4E70204F19760074A6EB /* art.scnassets in Resources */ = {isa = PBXBuildFile; fileRef = 346B4E6F204F19760074A6EB /* art.scnassets */; };
		346B4E72204F19760074A6EB /* MainViewController.swift in Sources */ = {isa = PBXBuildFile; fileRef = 346B4E71204F19760074A6EB /* MainViewController.swift */; };
		346B4E75204F19760074A6EB /* Main.storyboard in Resources */ = {isa = PBXBuildFile; fileRef = 346B4E73204F19760074A6EB /* Main.storyboard */; };
		346B4E77204F19760074A6EB /* Assets.xcassets in Resources */ = {isa = PBXBuildFile; fileRef = 346B4E76204F19760074A6EB /* Assets.xcassets */; };
		346B4E7A204F19760074A6EB /* LaunchScreen.storyboard in Resources */ = {isa = PBXBuildFile; fileRef = 346B4E78204F19760074A6EB /* LaunchScreen.storyboard */; };
		3474B5C0204F2B4400462ECB /* Extensions.swift in Sources */ = {isa = PBXBuildFile; fileRef = 3474B5BF204F2B4400462ECB /* Extensions.swift */; };
/* End PBXBuildFile section */

/* Begin PBXFileReference section */
		3414879D205192D700D04E13 /* FocalNode.swift */ = {isa = PBXFileReference; lastKnownFileType = sourcecode.swift; path = FocalNode.swift; sourceTree = "<group>"; };
		34392AE520595E8B001CBFEE /* PhotoLibraryCollectionViewController.swift */ = {isa = PBXFileReference; lastKnownFileType = sourcecode.swift; path = PhotoLibraryCollectionViewController.swift; sourceTree = "<group>"; };
		346B4E6A204F19760074A6EB /* Gallary.app */ = {isa = PBXFileReference; explicitFileType = wrapper.application; includeInIndex = 0; path = Gallary.app; sourceTree = BUILT_PRODUCTS_DIR; };
		346B4E6D204F19760074A6EB /* AppDelegate.swift */ = {isa = PBXFileReference; lastKnownFileType = sourcecode.swift; path = AppDelegate.swift; sourceTree = "<group>"; };
		346B4E6F204F19760074A6EB /* art.scnassets */ = {isa = PBXFileReference; lastKnownFileType = wrapper.scnassets; path = art.scnassets; sourceTree = "<group>"; };
		346B4E71204F19760074A6EB /* MainViewController.swift */ = {isa = PBXFileReference; lastKnownFileType = sourcecode.swift; path = MainViewController.swift; sourceTree = "<group>"; };
		346B4E74204F19760074A6EB /* Base */ = {isa = PBXFileReference; lastKnownFileType = file.storyboard; name = Base; path = Base.lproj/Main.storyboard; sourceTree = "<group>"; };
		346B4E76204F19760074A6EB /* Assets.xcassets */ = {isa = PBXFileReference; lastKnownFileType = folder.assetcatalog; path = Assets.xcassets; sourceTree = "<group>"; };
		346B4E79204F19760074A6EB /* Base */ = {isa = PBXFileReference; lastKnownFileType = file.storyboard; name = Base; path = Base.lproj/LaunchScreen.storyboard; sourceTree = "<group>"; };
		346B4E7B204F19760074A6EB /* Info.plist */ = {isa = PBXFileReference; lastKnownFileType = text.plist.xml; path = Info.plist; sourceTree = "<group>"; };
		3474B5BF204F2B4400462ECB /* Extensions.swift */ = {isa = PBXFileReference; lastKnownFileType = sourcecode.swift; path = Extensions.swift; sourceTree = "<group>"; };
/* End PBXFileReference section */

/* Begin PBXFrameworksBuildPhase section */
		346B4E67204F19760074A6EB /* Frameworks */ = {
			isa = PBXFrameworksBuildPhase;
			buildActionMask = 2147483647;
			files = (
			);
			runOnlyForDeploymentPostprocessing = 0;
		};
/* End PBXFrameworksBuildPhase section */

/* Begin PBXGroup section */
		346B4E61204F19760074A6EB = {
			isa = PBXGroup;
			children = (
				346B4E6C204F19760074A6EB /* Gallary */,
				346B4E6B204F19760074A6EB /* Products */,
			);
			sourceTree = "<group>";
		};
		346B4E6B204F19760074A6EB /* Products */ = {
			isa = PBXGroup;
			children = (
				346B4E6A204F19760074A6EB /* Gallary.app */,
			);
			name = Products;
			sourceTree = "<group>";
		};
		346B4E6C204F19760074A6EB /* Gallary */ = {
			isa = PBXGroup;
			children = (
				346B4E6D204F19760074A6EB /* AppDelegate.swift */,
				346B4E71204F19760074A6EB /* MainViewController.swift */,
				34392AE520595E8B001CBFEE /* PhotoLibraryCollectionViewController.swift */,
				3414879D205192D700D04E13 /* FocalNode.swift */,
				3474B5BF204F2B4400462ECB /* Extensions.swift */,
				346B4E81204F19CE0074A6EB /* Supporting Files */,
			);
			path = Gallary;
			sourceTree = "<group>";
		};
		346B4E81204F19CE0074A6EB /* Supporting Files */ = {
			isa = PBXGroup;
			children = (
				346B4E76204F19760074A6EB /* Assets.xcassets */,
				346B4E6F204F19760074A6EB /* art.scnassets */,
				346B4E78204F19760074A6EB /* LaunchScreen.storyboard */,
				346B4E73204F19760074A6EB /* Main.storyboard */,
				346B4E7B204F19760074A6EB /* Info.plist */,
			);
			name = "Supporting Files";
			sourceTree = "<group>";
		};
/* End PBXGroup section */

/* Begin PBXNativeTarget section */
		346B4E69204F19760074A6EB /* Gallary */ = {
			isa = PBXNativeTarget;
			buildConfigurationList = 346B4E7E204F19760074A6EB /* Build configuration list for PBXNativeTarget "Gallary" */;
			buildPhases = (
				346B4E66204F19760074A6EB /* Sources */,
				346B4E67204F19760074A6EB /* Frameworks */,
				346B4E68204F19760074A6EB /* Resources */,
			);
			buildRules = (
			);
			dependencies = (
			);
			name = Gallary;
			productName = Gallary;
			productReference = 346B4E6A204F19760074A6EB /* Gallary.app */;
			productType = "com.apple.product-type.application";
		};
/* End PBXNativeTarget section */

/* Begin PBXProject section */
		346B4E62204F19760074A6EB /* Project object */ = {
			isa = PBXProject;
			attributes = {
				LastSwiftUpdateCheck = 0920;
				LastUpgradeCheck = 0920;
				ORGANIZATIONNAME = ARKing;
				TargetAttributes = {
					346B4E69204F19760074A6EB = {
						CreatedOnToolsVersion = 9.2;
						ProvisioningStyle = Automatic;
					};
				};
			};
			buildConfigurationList = 346B4E65204F19760074A6EB /* Build configuration list for PBXProject "Gallary" */;
			compatibilityVersion = "Xcode 8.0";
			developmentRegion = en;
			hasScannedForEncodings = 0;
			knownRegions = (
				en,
				Base,
			);
			mainGroup = 346B4E61204F19760074A6EB;
			productRefGroup = 346B4E6B204F19760074A6EB /* Products */;
			projectDirPath = "";
			projectRoot = "";
			targets = (
				346B4E69204F19760074A6EB /* Gallary */,
			);
		};
/* End PBXProject section */

/* Begin PBXResourcesBuildPhase section */
		346B4E68204F19760074A6EB /* Resources */ = {
			isa = PBXResourcesBuildPhase;
			buildActionMask = 2147483647;
			files = (
				346B4E70204F19760074A6EB /* art.scnassets in Resources */,
				346B4E7A204F19760074A6EB /* LaunchScreen.storyboard in Resources */,
				346B4E77204F19760074A6EB /* Assets.xcassets in Resources */,
				346B4E75204F19760074A6EB /* Main.storyboard in Resources */,
			);
			runOnlyForDeploymentPostprocessing = 0;
		};
/* End PBXResourcesBuildPhase section */

/* Begin PBXSourcesBuildPhase section */
		346B4E66204F19760074A6EB /* Sources */ = {
			isa = PBXSourcesBuildPhase;
			buildActionMask = 2147483647;
			files = (
				34392AE620595E8B001CBFEE /* PhotoLibraryCollectionViewController.swift in Sources */,
				346B4E72204F19760074A6EB /* MainViewController.swift in Sources */,
				3414879E205192D700D04E13 /* FocalNode.swift in Sources */,
				3474B5C0204F2B4400462ECB /* Extensions.swift in Sources */,
				346B4E6E204F19760074A6EB /* AppDelegate.swift in Sources */,
			);
			runOnlyForDeploymentPostprocessing = 0;
		};
/* End PBXSourcesBuildPhase section */

/* Begin PBXVariantGroup section */
		346B4E73204F19760074A6EB /* Main.storyboard */ = {
			isa = PBXVariantGroup;
			children = (
				346B4E74204F19760074A6EB /* Base */,
			);
			name = Main.storyboard;
			sourceTree = "<group>";
		};
		346B4E78204F19760074A6EB /* LaunchScreen.storyboard */ = {
			isa = PBXVariantGroup;
			children = (
				346B4E79204F19760074A6EB /* Base */,
			);
			name = LaunchScreen.storyboard;
			sourceTree = "<group>";
		};
/* End PBXVariantGroup section */

/* Begin XCBuildConfiguration section */
		346B4E7C204F19760074A6EB /* Debug */ = {
			isa = XCBuildConfiguration;
			buildSettings = {
				ALWAYS_SEARCH_USER_PATHS = NO;
				CLANG_ANALYZER_NONNULL = YES;
				CLANG_ANALYZER_NUMBER_OBJECT_CONVERSION = YES_AGGRESSIVE;
				CLANG_CXX_LANGUAGE_STANDARD = "gnu++14";
				CLANG_CXX_LIBRARY = "libc++";
				CLANG_ENABLE_MODULES = YES;
				CLANG_ENABLE_OBJC_ARC = YES;
				CLANG_WARN_BLOCK_CAPTURE_AUTORELEASING = YES;
				CLANG_WARN_BOOL_CONVERSION = YES;
				CLANG_WARN_COMMA = YES;
				CLANG_WARN_CONSTANT_CONVERSION = YES;
				CLANG_WARN_DIRECT_OBJC_ISA_USAGE = YES_ERROR;
				CLANG_WARN_DOCUMENTATION_COMMENTS = YES;
				CLANG_WARN_EMPTY_BODY = YES;
				CLANG_WARN_ENUM_CONVERSION = YES;
				CLANG_WARN_INFINITE_RECURSION = YES;
				CLANG_WARN_INT_CONVERSION = YES;
				CLANG_WARN_NON_LITERAL_NULL_CONVERSION = YES;
				CLANG_WARN_OBJC_LITERAL_CONVERSION = YES;
				CLANG_WARN_OBJC_ROOT_CLASS = YES_ERROR;
				CLANG_WARN_RANGE_LOOP_ANALYSIS = YES;
				CLANG_WARN_STRICT_PROTOTYPES = YES;
				CLANG_WARN_SUSPICIOUS_MOVE = YES;
				CLANG_WARN_UNGUARDED_AVAILABILITY = YES_AGGRESSIVE;
				CLANG_WARN_UNREACHABLE_CODE = YES;
				CLANG_WARN__DUPLICATE_METHOD_MATCH = YES;
				CODE_SIGN_IDENTITY = "iPhone Developer";
				COPY_PHASE_STRIP = NO;
				DEBUG_INFORMATION_FORMAT = dwarf;
				ENABLE_STRICT_OBJC_MSGSEND = YES;
				ENABLE_TESTABILITY = YES;
				GCC_C_LANGUAGE_STANDARD = gnu11;
				GCC_DYNAMIC_NO_PIC = NO;
				GCC_NO_COMMON_BLOCKS = YES;
				GCC_OPTIMIZATION_LEVEL = 0;
				GCC_PREPROCESSOR_DEFINITIONS = (
					"DEBUG=1",
					"$(inherited)",
				);
				GCC_WARN_64_TO_32_BIT_CONVERSION = YES;
				GCC_WARN_ABOUT_RETURN_TYPE = YES_ERROR;
				GCC_WARN_UNDECLARED_SELECTOR = YES;
				GCC_WARN_UNINITIALIZED_AUTOS = YES_AGGRESSIVE;
				GCC_WARN_UNUSED_FUNCTION = YES;
				GCC_WARN_UNUSED_VARIABLE = YES;
				IPHONEOS_DEPLOYMENT_TARGET = 11.2;
				MTL_ENABLE_DEBUG_INFO = YES;
				ONLY_ACTIVE_ARCH = YES;
				SDKROOT = iphoneos;
				SWIFT_ACTIVE_COMPILATION_CONDITIONS = DEBUG;
				SWIFT_OPTIMIZATION_LEVEL = "-Onone";
			};
			name = Debug;
		};
		346B4E7D204F19760074A6EB /* Release */ = {
			isa = XCBuildConfiguration;
			buildSettings = {
				ALWAYS_SEARCH_USER_PATHS = NO;
				CLANG_ANALYZER_NONNULL = YES;
				CLANG_ANALYZER_NUMBER_OBJECT_CONVERSION = YES_AGGRESSIVE;
				CLANG_CXX_LANGUAGE_STANDARD = "gnu++14";
				CLANG_CXX_LIBRARY = "libc++";
				CLANG_ENABLE_MODULES = YES;
				CLANG_ENABLE_OBJC_ARC = YES;
				CLANG_WARN_BLOCK_CAPTURE_AUTORELEASING = YES;
				CLANG_WARN_BOOL_CONVERSION = YES;
				CLANG_WARN_COMMA = YES;
				CLANG_WARN_CONSTANT_CONVERSION = YES;
				CLANG_WARN_DIRECT_OBJC_ISA_USAGE = YES_ERROR;
				CLANG_WARN_DOCUMENTATION_COMMENTS = YES;
				CLANG_WARN_EMPTY_BODY = YES;
				CLANG_WARN_ENUM_CONVERSION = YES;
				CLANG_WARN_INFINITE_RECURSION = YES;
				CLANG_WARN_INT_CONVERSION = YES;
				CLANG_WARN_NON_LITERAL_NULL_CONVERSION = YES;
				CLANG_WARN_OBJC_LITERAL_CONVERSION = YES;
				CLANG_WARN_OBJC_ROOT_CLASS = YES_ERROR;
				CLANG_WARN_RANGE_LOOP_ANALYSIS = YES;
				CLANG_WARN_STRICT_PROTOTYPES = YES;
				CLANG_WARN_SUSPICIOUS_MOVE = YES;
				CLANG_WARN_UNGUARDED_AVAILABILITY = YES_AGGRESSIVE;
				CLANG_WARN_UNREACHABLE_CODE = YES;
				CLANG_WARN__DUPLICATE_METHOD_MATCH = YES;
				CODE_SIGN_IDENTITY = "iPhone Developer";
				COPY_PHASE_STRIP = NO;
				DEBUG_INFORMATION_FORMAT = "dwarf-with-dsym";
				ENABLE_NS_ASSERTIONS = NO;
				ENABLE_STRICT_OBJC_MSGSEND = YES;
				GCC_C_LANGUAGE_STANDARD = gnu11;
				GCC_NO_COMMON_BLOCKS = YES;
				GCC_WARN_64_TO_32_BIT_CONVERSION = YES;
				GCC_WARN_ABOUT_RETURN_TYPE = YES_ERROR;
				GCC_WARN_UNDECLARED_SELECTOR = YES;
				GCC_WARN_UNINITIALIZED_AUTOS = YES_AGGRESSIVE;
				GCC_WARN_UNUSED_FUNCTION = YES;
				GCC_WARN_UNUSED_VARIABLE = YES;
				IPHONEOS_DEPLOYMENT_TARGET = 11.2;
				MTL_ENABLE_DEBUG_INFO = NO;
				SDKROOT = iphoneos;
				SWIFT_OPTIMIZATION_LEVEL = "-Owholemodule";
				VALIDATE_PRODUCT = YES;
			};
			name = Release;
		};
		346B4E7F204F19760074A6EB /* Debug */ = {
			isa = XCBuildConfiguration;
			buildSettings = {
				ASSETCATALOG_COMPILER_APPICON_NAME = AppIcon;
				CODE_SIGN_STYLE = Automatic;
				DEVELOPMENT_TEAM = K4PWUDJ3HE;
				INFOPLIST_FILE = Gallary/Info.plist;
				IPHONEOS_DEPLOYMENT_TARGET = 11.2;
				LD_RUNPATH_SEARCH_PATHS = "$(inherited) @executable_path/Frameworks";
				PRODUCT_BUNDLE_IDENTIFIER = com.Gallary;
				PRODUCT_NAME = "$(TARGET_NAME)";
				SWIFT_VERSION = 4.0;
				TARGETED_DEVICE_FAMILY = "1,2";
			};
			name = Debug;
		};
		346B4E80204F19760074A6EB /* Release */ = {
			isa = XCBuildConfiguration;
			buildSettings = {
				ASSETCATALOG_COMPILER_APPICON_NAME = AppIcon;
				CODE_SIGN_STYLE = Automatic;
				DEVELOPMENT_TEAM = K4PWUDJ3HE;
				INFOPLIST_FILE = Gallary/Info.plist;
				IPHONEOS_DEPLOYMENT_TARGET = 11.2;
				LD_RUNPATH_SEARCH_PATHS = "$(inherited) @executable_path/Frameworks";
				PRODUCT_BUNDLE_IDENTIFIER = com.Gallary;
				PRODUCT_NAME = "$(TARGET_NAME)";
				SWIFT_VERSION = 4.0;
				TARGETED_DEVICE_FAMILY = "1,2";
			};
			name = Release;
		};
/* End XCBuildConfiguration section */

/* Begin XCConfigurationList section */
		346B4E65204F19760074A6EB /* Build configuration list for PBXProject "Gallary" */ = {
			isa = XCConfigurationList;
			buildConfigurations = (
				346B4E7C204F19760074A6EB /* Debug */,
				346B4E7D204F19760074A6EB /* Release */,
			);
			defaultConfigurationIsVisible = 0;
			defaultConfigurationName = Release;
		};
		346B4E7E204F19760074A6EB /* Build configuration list for PBXNativeTarget "Gallary" */ = {
			isa = XCConfigurationList;
			buildConfigurations = (
				346B4E7F204F19760074A6EB /* Debug */,
				346B4E80204F19760074A6EB /* Release */,
			);
			defaultConfigurationIsVisible = 0;
			defaultConfigurationName = Release;
		};
/* End XCConfigurationList section */
	};
	rootObject = 346B4E62204F19760074A6EB /* Project object */;
}
